// !$*UTF8*$!
{
	archiveVersion = 1;
	classes = {
	};
	objectVersion = 50;
	objects = {

/* Begin PBXBuildFile section */
		40A31852262578F4004A9C86 /* To_do_ListApp.swift in Sources */ = {isa = PBXBuildFile; fileRef = 40A31851262578F4004A9C86 /* To_do_ListApp.swift */; };
		40A31854262578F4004A9C86 /* ContentView.swift in Sources */ = {isa = PBXBuildFile; fileRef = 40A31853262578F4004A9C86 /* ContentView.swift */; };
		40A31856262578F9004A9C86 /* Assets.xcassets in Resources */ = {isa = PBXBuildFile; fileRef = 40A31855262578F9004A9C86 /* Assets.xcassets */; };
		40A31859262578F9004A9C86 /* Preview Assets.xcassets in Resources */ = {isa = PBXBuildFile; fileRef = 40A31858262578F9004A9C86 /* Preview Assets.xcassets */; };
		40A3186226258571004A9C86 /* Task.swift in Sources */ = {isa = PBXBuildFile; fileRef = 40A3186126258571004A9C86 /* Task.swift */; };
		40A3186A2625954C004A9C86 /* TaskCellViewModel.swift in Sources */ = {isa = PBXBuildFile; fileRef = 40A318692625954C004A9C86 /* TaskCellViewModel.swift */; };
		40A3186E2625A2B2004A9C86 /* TaskListViewModel.swift in Sources */ = {isa = PBXBuildFile; fileRef = 40A3186D2625A2B2004A9C86 /* TaskListViewModel.swift */; };
/* End PBXBuildFile section */

/* Begin PBXFileReference section */
		40A3184E262578F4004A9C86 /* To-do-List.app */ = {isa = PBXFileReference; explicitFileType = wrapper.application; includeInIndex = 0; path = "To-do-List.app"; sourceTree = BUILT_PRODUCTS_DIR; };
		40A31851262578F4004A9C86 /* To_do_ListApp.swift */ = {isa = PBXFileReference; lastKnownFileType = sourcecode.swift; path = To_do_ListApp.swift; sourceTree = "<group>"; };
		40A31853262578F4004A9C86 /* ContentView.swift */ = {isa = PBXFileReference; lastKnownFileType = sourcecode.swift; path = ContentView.swift; sourceTree = "<group>"; };
		40A31855262578F9004A9C86 /* Assets.xcassets */ = {isa = PBXFileReference; lastKnownFileType = folder.assetcatalog; path = Assets.xcassets; sourceTree = "<group>"; };
		40A31858262578F9004A9C86 /* Preview Assets.xcassets */ = {isa = PBXFileReference; lastKnownFileType = folder.assetcatalog; path = "Preview Assets.xcassets"; sourceTree = "<group>"; };
		40A3185A262578F9004A9C86 /* Info.plist */ = {isa = PBXFileReference; lastKnownFileType = text.plist.xml; path = Info.plist; sourceTree = "<group>"; };
		40A3186126258571004A9C86 /* Task.swift */ = {isa = PBXFileReference; lastKnownFileType = sourcecode.swift; path = Task.swift; sourceTree = "<group>"; };
		40A318692625954C004A9C86 /* TaskCellViewModel.swift */ = {isa = PBXFileReference; lastKnownFileType = sourcecode.swift; path = TaskCellViewModel.swift; sourceTree = "<group>"; };
		40A3186D2625A2B2004A9C86 /* TaskListViewModel.swift */ = {isa = PBXFileReference; lastKnownFileType = sourcecode.swift; path = TaskListViewModel.swift; sourceTree = "<group>"; };
/* End PBXFileReference section */

/* Begin PBXFrameworksBuildPhase section */
		40A3184B262578F4004A9C86 /* Frameworks */ = {
			isa = PBXFrameworksBuildPhase;
			buildActionMask = 2147483647;
			files = (
			);
			runOnlyForDeploymentPostprocessing = 0;
		};
/* End PBXFrameworksBuildPhase section */

/* Begin PBXGroup section */
		40A31845262578F4004A9C86 = {
			isa = PBXGroup;
			children = (
				40A31850262578F4004A9C86 /* To-do-List */,
				40A3184F262578F4004A9C86 /* Products */,
			);
			sourceTree = "<group>";
		};
		40A3184F262578F4004A9C86 /* Products */ = {
			isa = PBXGroup;
			children = (
				40A3184E262578F4004A9C86 /* To-do-List.app */,
			);
			name = Products;
			sourceTree = "<group>";
		};
		40A31850262578F4004A9C86 /* To-do-List */ = {
			isa = PBXGroup;
			children = (
				40A31851262578F4004A9C86 /* To_do_ListApp.swift */,
				40CC3B7B2625DB4D006F0B03 /* Views */,
				40A3186826259528004A9C86 /* ViewModels */,
				40A318642625873F004A9C86 /* Model */,
				40A31855262578F9004A9C86 /* Assets.xcassets */,
				40A3185A262578F9004A9C86 /* Info.plist */,
				40A31857262578F9004A9C86 /* Preview Content */,
			);
			path = "To-do-List";
			sourceTree = "<group>";
		};
		40A31857262578F9004A9C86 /* Preview Content */ = {
			isa = PBXGroup;
			children = (
				40A31858262578F9004A9C86 /* Preview Assets.xcassets */,
			);
			path = "Preview Content";
			sourceTree = "<group>";
		};
		40A318642625873F004A9C86 /* Model */ = {
			isa = PBXGroup;
			children = (
				40A3186126258571004A9C86 /* Task.swift */,
			);
			path = Model;
			sourceTree = "<group>";
		};
		40A3186826259528004A9C86 /* ViewModels */ = {
			isa = PBXGroup;
			children = (
				40A318692625954C004A9C86 /* TaskCellViewModel.swift */,
				40A3186D2625A2B2004A9C86 /* TaskListViewModel.swift */,
			);
			path = ViewModels;
			sourceTree = "<group>";
		};
		40CC3B7B2625DB4D006F0B03 /* Views */ = {
			isa = PBXGroup;
			children = (
				40A31853262578F4004A9C86 /* ContentView.swift */,
			);
			path = Views;
			sourceTree = "<group>";
		};
/* End PBXGroup section */

/* Begin PBXNativeTarget section */
		40A3184D262578F4004A9C86 /* To-do-List */ = {
			isa = PBXNativeTarget;
			buildConfigurationList = 40A3185D262578F9004A9C86 /* Build configuration list for PBXNativeTarget "To-do-List" */;
			buildPhases = (
				40A3184A262578F4004A9C86 /* Sources */,
				40A3184B262578F4004A9C86 /* Frameworks */,
				40A3184C262578F4004A9C86 /* Resources */,
			);
			buildRules = (
			);
			dependencies = (
			);
			name = "To-do-List";
			productName = "To-do-List";
			productReference = 40A3184E262578F4004A9C86 /* To-do-List.app */;
			productType = "com.apple.product-type.application";
		};
/* End PBXNativeTarget section */

/* Begin PBXProject section */
		40A31846262578F4004A9C86 /* Project object */ = {
			isa = PBXProject;
			attributes = {
				LastSwiftUpdateCheck = 1240;
				LastUpgradeCheck = 1240;
				TargetAttributes = {
					40A3184D262578F4004A9C86 = {
						CreatedOnToolsVersion = 12.4;
					};
				};
			};
			buildConfigurationList = 40A31849262578F4004A9C86 /* Build configuration list for PBXProject "To-do-List" */;
			compatibilityVersion = "Xcode 9.3";
			developmentRegion = en;
			hasScannedForEncodings = 0;
			knownRegions = (
				en,
				Base,
			);
			mainGroup = 40A31845262578F4004A9C86;
			productRefGroup = 40A3184F262578F4004A9C86 /* Products */;
			projectDirPath = "";
			projectRoot = "";
			targets = (
				40A3184D262578F4004A9C86 /* To-do-List */,
			);
		};
/* End PBXProject section */

/* Begin PBXResourcesBuildPhase section */
		40A3184C262578F4004A9C86 /* Resources */ = {
			isa = PBXResourcesBuildPhase;
			buildActionMask = 2147483647;
			files = (
				40A31859262578F9004A9C86 /* Preview Assets.xcassets in Resources */,
				40A31856262578F9004A9C86 /* Assets.xcassets in Resources */,
			);
			runOnlyForDeploymentPostprocessing = 0;
		};
/* End PBXResourcesBuildPhase section */

/* Begin PBXSourcesBuildPhase section */
		40A3184A262578F4004A9C86 /* Sources */ = {
			isa = PBXSourcesBuildPhase;
			buildActionMask = 2147483647;
			files = (
				40A31854262578F4004A9C86 /* ContentView.swift in Sources */,
				40A3186A2625954C004A9C86 /* TaskCellViewModel.swift in Sources */,
				40A3186E2625A2B2004A9C86 /* TaskListViewModel.swift in Sources */,
				40A3186226258571004A9C86 /* Task.swift in Sources */,
				40A31852262578F4004A9C86 /* To_do_ListApp.swift in Sources */,
			);
			runOnlyForDeploymentPostprocessing = 0;
		};
/* End PBXSourcesBuildPhase section */

/* Begin XCBuildConfiguration section */
		40A3185B262578F9004A9C86 /* Debug */ = {
			isa = XCBuildConfiguration;
			buildSettings = {
				ALWAYS_SEARCH_USER_PATHS = NO;
				CLANG_ANALYZER_NONNULL = YES;
				CLANG_ANALYZER_NUMBER_OBJECT_CONVERSION = YES_AGGRESSIVE;
				CLANG_CXX_LANGUAGE_STANDARD = "gnu++14";
				CLANG_CXX_LIBRARY = "libc++";
				CLANG_ENABLE_MODULES = YES;
				CLANG_ENABLE_OBJC_ARC = YES;
				CLANG_ENABLE_OBJC_WEAK = YES;
				CLANG_WARN_BLOCK_CAPTURE_AUTORELEASING = YES;
				CLANG_WARN_BOOL_CONVERSION = YES;
				CLANG_WARN_COMMA = YES;
				CLANG_WARN_CONSTANT_CONVERSION = YES;
				CLANG_WARN_DEPRECATED_OBJC_IMPLEMENTATIONS = YES;
				CLANG_WARN_DIRECT_OBJC_ISA_USAGE = YES_ERROR;
				CLANG_WARN_DOCUMENTATION_COMMENTS = YES;
				CLANG_WARN_EMPTY_BODY = YES;
				CLANG_WARN_ENUM_CONVERSION = YES;
				CLANG_WARN_INFINITE_RECURSION = YES;
				CLANG_WARN_INT_CONVERSION = YES;
				CLANG_WARN_NON_LITERAL_NULL_CONVERSION = YES;
				CLANG_WARN_OBJC_IMPLICIT_RETAIN_SELF = YES;
				CLANG_WARN_OBJC_LITERAL_CONVERSION = YES;
				CLANG_WARN_OBJC_ROOT_CLASS = YES_ERROR;
				CLANG_WARN_QUOTED_INCLUDE_IN_FRAMEWORK_HEADER = YES;
				CLANG_WARN_RANGE_LOOP_ANALYSIS = YES;
				CLANG_WARN_STRICT_PROTOTYPES = YES;
				CLANG_WARN_SUSPICIOUS_MOVE = YES;
				CLANG_WARN_UNGUARDED_AVAILABILITY = YES_AGGRESSIVE;
				CLANG_WARN_UNREACHABLE_CODE = YES;
				CLANG_WARN__DUPLICATE_METHOD_MATCH = YES;
				COPY_PHASE_STRIP = NO;
				DEBUG_INFORMATION_FORMAT = dwarf;
				ENABLE_STRICT_OBJC_MSGSEND = YES;
				ENABLE_TESTABILITY = YES;
				GCC_C_LANGUAGE_STANDARD = gnu11;
				GCC_DYNAMIC_NO_PIC = NO;
				GCC_NO_COMMON_BLOCKS = YES;
				GCC_OPTIMIZATION_LEVEL = 0;
				GCC_PREPROCESSOR_DEFINITIONS = (
					"DEBUG=1",
					"$(inherited)",
				);
				GCC_WARN_64_TO_32_BIT_CONVERSION = YES;
				GCC_WARN_ABOUT_RETURN_TYPE = YES_ERROR;
				GCC_WARN_UNDECLARED_SELECTOR = YES;
				GCC_WARN_UNINITIALIZED_AUTOS = YES_AGGRESSIVE;
				GCC_WARN_UNUSED_FUNCTION = YES;
				GCC_WARN_UNUSED_VARIABLE = YES;
				IPHONEOS_DEPLOYMENT_TARGET = 14.4;
				MTL_ENABLE_DEBUG_INFO = INCLUDE_SOURCE;
				MTL_FAST_MATH = YES;
				ONLY_ACTIVE_ARCH = YES;
				SDKROOT = iphoneos;
				SWIFT_ACTIVE_COMPILATION_CONDITIONS = DEBUG;
				SWIFT_OPTIMIZATION_LEVEL = "-Onone";
			};
			name = Debug;
		};
		40A3185C262578F9004A9C86 /* Release */ = {
			isa = XCBuildConfiguration;
			buildSettings = {
				ALWAYS_SEARCH_USER_PATHS = NO;
				CLANG_ANALYZER_NONNULL = YES;
				CLANG_ANALYZER_NUMBER_OBJECT_CONVERSION = YES_AGGRESSIVE;
				CLANG_CXX_LANGUAGE_STANDARD = "gnu++14";
				CLANG_CXX_LIBRARY = "libc++";
				CLANG_ENABLE_MODULES = YES;
				CLANG_ENABLE_OBJC_ARC = YES;
				CLANG_ENABLE_OBJC_WEAK = YES;
				CLANG_WARN_BLOCK_CAPTURE_AUTORELEASING = YES;
				CLANG_WARN_BOOL_CONVERSION = YES;
				CLANG_WARN_COMMA = YES;
				CLANG_WARN_CONSTANT_CONVERSION = YES;
				CLANG_WARN_DEPRECATED_OBJC_IMPLEMENTATIONS = YES;
				CLANG_WARN_DIRECT_OBJC_ISA_USAGE = YES_ERROR;
				CLANG_WARN_DOCUMENTATION_COMMENTS = YES;
				CLANG_WARN_EMPTY_BODY = YES;
				CLANG_WARN_ENUM_CONVERSION = YES;
				CLANG_WARN_INFINITE_RECURSION = YES;
				CLANG_WARN_INT_CONVERSION = YES;
				CLANG_WARN_NON_LITERAL_NULL_CONVERSION = YES;
				CLANG_WARN_OBJC_IMPLICIT_RETAIN_SELF = YES;
				CLANG_WARN_OBJC_LITERAL_CONVERSION = YES;
				CLANG_WARN_OBJC_ROOT_CLASS = YES_ERROR;
				CLANG_WARN_QUOTED_INCLUDE_IN_FRAMEWORK_HEADER = YES;
				CLANG_WARN_RANGE_LOOP_ANALYSIS = YES;
				CLANG_WARN_STRICT_PROTOTYPES = YES;
				CLANG_WARN_SUSPICIOUS_MOVE = YES;
				CLANG_WARN_UNGUARDED_AVAILABILITY = YES_AGGRESSIVE;
				CLANG_WARN_UNREACHABLE_CODE = YES;
				CLANG_WARN__DUPLICATE_METHOD_MATCH = YES;
				COPY_PHASE_STRIP = NO;
				DEBUG_INFORMATION_FORMAT = "dwarf-with-dsym";
				ENABLE_NS_ASSERTIONS = NO;
				ENABLE_STRICT_OBJC_MSGSEND = YES;
				GCC_C_LANGUAGE_STANDARD = gnu11;
				GCC_NO_COMMON_BLOCKS = YES;
				GCC_WARN_64_TO_32_BIT_CONVERSION = YES;
				GCC_WARN_ABOUT_RETURN_TYPE = YES_ERROR;
				GCC_WARN_UNDECLARED_SELECTOR = YES;
				GCC_WARN_UNINITIALIZED_AUTOS = YES_AGGRESSIVE;
				GCC_WARN_UNUSED_FUNCTION = YES;
				GCC_WARN_UNUSED_VARIABLE = YES;
				IPHONEOS_DEPLOYMENT_TARGET = 14.4;
				MTL_ENABLE_DEBUG_INFO = NO;
				MTL_FAST_MATH = YES;
				SDKROOT = iphoneos;
				SWIFT_COMPILATION_MODE = wholemodule;
				SWIFT_OPTIMIZATION_LEVEL = "-O";
				VALIDATE_PRODUCT = YES;
			};
			name = Release;
		};
		40A3185E262578F9004A9C86 /* Debug */ = {
			isa = XCBuildConfiguration;
			buildSettings = {
				ASSETCATALOG_COMPILER_APPICON_NAME = AppIcon;
				ASSETCATALOG_COMPILER_GLOBAL_ACCENT_COLOR_NAME = AccentColor;
				CODE_SIGN_STYLE = Automatic;
				DEVELOPMENT_ASSET_PATHS = "\"To-do-List/Preview Content\"";
				ENABLE_PREVIEWS = YES;
				INFOPLIST_FILE = "To-do-List/Info.plist";
				IPHONEOS_DEPLOYMENT_TARGET = 14.0;
				LD_RUNPATH_SEARCH_PATHS = (
					"$(inherited)",
					"@executable_path/Frameworks",
				);
				PRODUCT_BUNDLE_IDENTIFIER = "com.kuckelhaus.To-do-List";
				PRODUCT_NAME = "$(TARGET_NAME)";
				SWIFT_VERSION = 5.0;
				TARGETED_DEVICE_FAMILY = "1,2";
			};
			name = Debug;
		};
		40A3185F262578F9004A9C86 /* Release */ = {
			isa = XCBuildConfiguration;
			buildSettings = {
				ASSETCATALOG_COMPILER_APPICON_NAME = AppIcon;
				ASSETCATALOG_COMPILER_GLOBAL_ACCENT_COLOR_NAME = AccentColor;
				CODE_SIGN_STYLE = Automatic;
				DEVELOPMENT_ASSET_PATHS = "\"To-do-List/Preview Content\"";
				ENABLE_PREVIEWS = YES;
				INFOPLIST_FILE = "To-do-List/Info.plist";
				IPHONEOS_DEPLOYMENT_TARGET = 14.0;
				LD_RUNPATH_SEARCH_PATHS = (
					"$(inherited)",
					"@executable_path/Frameworks",
				);
				PRODUCT_BUNDLE_IDENTIFIER = "com.kuckelhaus.To-do-List";
				PRODUCT_NAME = "$(TARGET_NAME)";
				SWIFT_VERSION = 5.0;
				TARGETED_DEVICE_FAMILY = "1,2";
			};
			name = Release;
		};
/* End XCBuildConfiguration section */

/* Begin XCConfigurationList section */
		40A31849262578F4004A9C86 /* Build configuration list for PBXProject "To-do-List" */ = {
			isa = XCConfigurationList;
			buildConfigurations = (
				40A3185B262578F9004A9C86 /* Debug */,
				40A3185C262578F9004A9C86 /* Release */,
			);
			defaultConfigurationIsVisible = 0;
			defaultConfigurationName = Release;
		};
		40A3185D262578F9004A9C86 /* Build configuration list for PBXNativeTarget "To-do-List" */ = {
			isa = XCConfigurationList;
			buildConfigurations = (
				40A3185E262578F9004A9C86 /* Debug */,
				40A3185F262578F9004A9C86 /* Release */,
			);
			defaultConfigurationIsVisible = 0;
			defaultConfigurationName = Release;
		};
/* End XCConfigurationList section */
	};
	rootObject = 40A31846262578F4004A9C86 /* Project object */;
}
