// !$*UTF8*$!
{
	archiveVersion = 1;
	classes = {
	};
	objectVersion = 50;
	objects = {

/* Begin PBXBuildFile section */
		400EB9E22678D9DC005D0992 /* URL-Codable.swift in Sources */ = {isa = PBXBuildFile; fileRef = 400EB9E12678D9DC005D0992 /* URL-Codable.swift */; };
		401E626D266E0DFF00210E4E /* LandmarksApp.swift in Sources */ = {isa = PBXBuildFile; fileRef = 401E626C266E0DFF00210E4E /* LandmarksApp.swift */; };
		401E626F266E0DFF00210E4E /* ContentView.swift in Sources */ = {isa = PBXBuildFile; fileRef = 401E626E266E0DFF00210E4E /* ContentView.swift */; };
		401E6271266E0E0100210E4E /* Assets.xcassets in Resources */ = {isa = PBXBuildFile; fileRef = 401E6270266E0E0100210E4E /* Assets.xcassets */; };
		401E6274266E0E0100210E4E /* Preview Assets.xcassets in Resources */ = {isa = PBXBuildFile; fileRef = 401E6273266E0E0100210E4E /* Preview Assets.xcassets */; };
		401E627C266E113E00210E4E /* CircleImage.swift in Sources */ = {isa = PBXBuildFile; fileRef = 401E627B266E113E00210E4E /* CircleImage.swift */; };
		401E627E266E171000210E4E /* MapView.swift in Sources */ = {isa = PBXBuildFile; fileRef = 401E627D266E171000210E4E /* MapView.swift */; };
		401E6280266E1DAC00210E4E /* landmarkData.json in Resources */ = {isa = PBXBuildFile; fileRef = 401E627F266E1DAC00210E4E /* landmarkData.json */; };
		401E6282266E1DD700210E4E /* Landmark.swift in Sources */ = {isa = PBXBuildFile; fileRef = 401E6281266E1DD700210E4E /* Landmark.swift */; };
		401E6284266E223A00210E4E /* ModelData.swift in Sources */ = {isa = PBXBuildFile; fileRef = 401E6283266E223A00210E4E /* ModelData.swift */; };
		401E628B266E255A00210E4E /* LandmarkRow.swift in Sources */ = {isa = PBXBuildFile; fileRef = 401E628A266E255A00210E4E /* LandmarkRow.swift */; };
		401E628D266E40B900210E4E /* LandmarkList.swift in Sources */ = {isa = PBXBuildFile; fileRef = 401E628C266E40B900210E4E /* LandmarkList.swift */; };
		401E628F266E431800210E4E /* LandmarkDetailView.swift in Sources */ = {isa = PBXBuildFile; fileRef = 401E628E266E431800210E4E /* LandmarkDetailView.swift */; };
		401E6293266E562500210E4E /* FavoriteButton.swift in Sources */ = {isa = PBXBuildFile; fileRef = 401E6292266E562500210E4E /* FavoriteButton.swift */; };
		407037C0266FAC0F00B45E2B /* HexagonParameters.swift in Sources */ = {isa = PBXBuildFile; fileRef = 407037BF266FAC0F00B45E2B /* HexagonParameters.swift */; };
		407037C2266FB3A700B45E2B /* BadgeBackground.swift in Sources */ = {isa = PBXBuildFile; fileRef = 407037C1266FB3A700B45E2B /* BadgeBackground.swift */; };
		407037C4266FB7D000B45E2B /* RotatedBadge.swift in Sources */ = {isa = PBXBuildFile; fileRef = 407037C3266FB7D000B45E2B /* RotatedBadge.swift */; };
		407037C6266FB86400B45E2B /* Badge.swift in Sources */ = {isa = PBXBuildFile; fileRef = 407037C5266FB86400B45E2B /* Badge.swift */; };
		407037C9266FC05A00B45E2B /* hikeData.json in Resources */ = {isa = PBXBuildFile; fileRef = 407037C8266FC05A00B45E2B /* hikeData.json */; };
		407037CB266FC07100B45E2B /* Hike.swift in Sources */ = {isa = PBXBuildFile; fileRef = 407037CA266FC07100B45E2B /* Hike.swift */; };
		407037D0266FC2F700B45E2B /* HikeGraph.swift in Sources */ = {isa = PBXBuildFile; fileRef = 407037CC266FC2F700B45E2B /* HikeGraph.swift */; };
		407037D1266FC2F700B45E2B /* HikeDetail.swift in Sources */ = {isa = PBXBuildFile; fileRef = 407037CD266FC2F700B45E2B /* HikeDetail.swift */; };
		407037D2266FC2F700B45E2B /* HikeView.swift in Sources */ = {isa = PBXBuildFile; fileRef = 407037CE266FC2F700B45E2B /* HikeView.swift */; };
		407037D3266FC2F700B45E2B /* GraphCapsule.swift in Sources */ = {isa = PBXBuildFile; fileRef = 407037CF266FC2F700B45E2B /* GraphCapsule.swift */; };
		407037D82670AEFA00B45E2B /* CategoryHome.swift in Sources */ = {isa = PBXBuildFile; fileRef = 407037D72670AEFA00B45E2B /* CategoryHome.swift */; };
		407037DC2670B2BE00B45E2B /* CategoryRow.swift in Sources */ = {isa = PBXBuildFile; fileRef = 407037DB2670B2BE00B45E2B /* CategoryRow.swift */; };
		407037DE2670B81E00B45E2B /* CategoryItem.swift in Sources */ = {isa = PBXBuildFile; fileRef = 407037DD2670B81E00B45E2B /* CategoryItem.swift */; };
		407037E02670E68A00B45E2B /* Profile.swift in Sources */ = {isa = PBXBuildFile; fileRef = 407037DF2670E68A00B45E2B /* Profile.swift */; };
		407037E32670E8A100B45E2B /* ProfileHost.swift in Sources */ = {isa = PBXBuildFile; fileRef = 407037E22670E8A100B45E2B /* ProfileHost.swift */; };
		407037E52670E9DA00B45E2B /* ProfileSummary.swift in Sources */ = {isa = PBXBuildFile; fileRef = 407037E42670E9DA00B45E2B /* ProfileSummary.swift */; };
		407037E92670EC9B00B45E2B /* HikeBadge.swift in Sources */ = {isa = PBXBuildFile; fileRef = 407037E82670EC9B00B45E2B /* HikeBadge.swift */; };
		407037EB2670F9F700B45E2B /* ProfileEditor.swift in Sources */ = {isa = PBXBuildFile; fileRef = 407037EA2670F9F700B45E2B /* ProfileEditor.swift */; };
/* End PBXBuildFile section */

/* Begin PBXFileReference section */
		400EB9E12678D9DC005D0992 /* URL-Codable.swift */ = {isa = PBXFileReference; lastKnownFileType = sourcecode.swift; path = "URL-Codable.swift"; sourceTree = "<group>"; };
		401E6269266E0DFF00210E4E /* Landmarks.app */ = {isa = PBXFileReference; explicitFileType = wrapper.application; includeInIndex = 0; path = Landmarks.app; sourceTree = BUILT_PRODUCTS_DIR; };
		401E626C266E0DFF00210E4E /* LandmarksApp.swift */ = {isa = PBXFileReference; lastKnownFileType = sourcecode.swift; path = LandmarksApp.swift; sourceTree = "<group>"; };
		401E626E266E0DFF00210E4E /* ContentView.swift */ = {isa = PBXFileReference; lastKnownFileType = sourcecode.swift; path = ContentView.swift; sourceTree = "<group>"; };
		401E6270266E0E0100210E4E /* Assets.xcassets */ = {isa = PBXFileReference; lastKnownFileType = folder.assetcatalog; path = Assets.xcassets; sourceTree = "<group>"; };
		401E6273266E0E0100210E4E /* Preview Assets.xcassets */ = {isa = PBXFileReference; lastKnownFileType = folder.assetcatalog; path = "Preview Assets.xcassets"; sourceTree = "<group>"; };
		401E6275266E0E0100210E4E /* Info.plist */ = {isa = PBXFileReference; lastKnownFileType = text.plist.xml; path = Info.plist; sourceTree = "<group>"; };
		401E627B266E113E00210E4E /* CircleImage.swift */ = {isa = PBXFileReference; lastKnownFileType = sourcecode.swift; path = CircleImage.swift; sourceTree = "<group>"; };
		401E627D266E171000210E4E /* MapView.swift */ = {isa = PBXFileReference; lastKnownFileType = sourcecode.swift; path = MapView.swift; sourceTree = "<group>"; };
		401E627F266E1DAC00210E4E /* landmarkData.json */ = {isa = PBXFileReference; fileEncoding = 4; lastKnownFileType = text.json; path = landmarkData.json; sourceTree = "<group>"; };
		401E6281266E1DD700210E4E /* Landmark.swift */ = {isa = PBXFileReference; lastKnownFileType = sourcecode.swift; path = Landmark.swift; sourceTree = "<group>"; };
		401E6283266E223A00210E4E /* ModelData.swift */ = {isa = PBXFileReference; lastKnownFileType = sourcecode.swift; path = ModelData.swift; sourceTree = "<group>"; };
		401E628A266E255A00210E4E /* LandmarkRow.swift */ = {isa = PBXFileReference; lastKnownFileType = sourcecode.swift; name = LandmarkRow.swift; path = Landmarks/Views/LandMark/LandmarkRow.swift; sourceTree = SOURCE_ROOT; };
		401E628C266E40B900210E4E /* LandmarkList.swift */ = {isa = PBXFileReference; lastKnownFileType = sourcecode.swift; path = LandmarkList.swift; sourceTree = "<group>"; };
		401E628E266E431800210E4E /* LandmarkDetailView.swift */ = {isa = PBXFileReference; lastKnownFileType = sourcecode.swift; path = LandmarkDetailView.swift; sourceTree = "<group>"; };
		401E6292266E562500210E4E /* FavoriteButton.swift */ = {isa = PBXFileReference; lastKnownFileType = sourcecode.swift; path = FavoriteButton.swift; sourceTree = "<group>"; };
		407037BF266FAC0F00B45E2B /* HexagonParameters.swift */ = {isa = PBXFileReference; lastKnownFileType = sourcecode.swift; name = HexagonParameters.swift; path = Landmarks/Views/Badges/HexagonParameters.swift; sourceTree = SOURCE_ROOT; };
		407037C1266FB3A700B45E2B /* BadgeBackground.swift */ = {isa = PBXFileReference; lastKnownFileType = sourcecode.swift; path = BadgeBackground.swift; sourceTree = "<group>"; };
		407037C3266FB7D000B45E2B /* RotatedBadge.swift */ = {isa = PBXFileReference; lastKnownFileType = sourcecode.swift; path = RotatedBadge.swift; sourceTree = "<group>"; };
		407037C5266FB86400B45E2B /* Badge.swift */ = {isa = PBXFileReference; lastKnownFileType = sourcecode.swift; path = Badge.swift; sourceTree = "<group>"; };
		407037C8266FC05A00B45E2B /* hikeData.json */ = {isa = PBXFileReference; fileEncoding = 4; lastKnownFileType = text.json; path = hikeData.json; sourceTree = "<group>"; };
		407037CA266FC07100B45E2B /* Hike.swift */ = {isa = PBXFileReference; lastKnownFileType = sourcecode.swift; path = Hike.swift; sourceTree = "<group>"; };
		407037CC266FC2F700B45E2B /* HikeGraph.swift */ = {isa = PBXFileReference; fileEncoding = 4; lastKnownFileType = sourcecode.swift; path = HikeGraph.swift; sourceTree = "<group>"; };
		407037CD266FC2F700B45E2B /* HikeDetail.swift */ = {isa = PBXFileReference; fileEncoding = 4; lastKnownFileType = sourcecode.swift; path = HikeDetail.swift; sourceTree = "<group>"; };
		407037CE266FC2F700B45E2B /* HikeView.swift */ = {isa = PBXFileReference; fileEncoding = 4; lastKnownFileType = sourcecode.swift; path = HikeView.swift; sourceTree = "<group>"; };
		407037CF266FC2F700B45E2B /* GraphCapsule.swift */ = {isa = PBXFileReference; fileEncoding = 4; lastKnownFileType = sourcecode.swift; path = GraphCapsule.swift; sourceTree = "<group>"; };
		407037D72670AEFA00B45E2B /* CategoryHome.swift */ = {isa = PBXFileReference; lastKnownFileType = sourcecode.swift; path = CategoryHome.swift; sourceTree = "<group>"; };
		407037DB2670B2BE00B45E2B /* CategoryRow.swift */ = {isa = PBXFileReference; lastKnownFileType = sourcecode.swift; path = CategoryRow.swift; sourceTree = "<group>"; };
		407037DD2670B81E00B45E2B /* CategoryItem.swift */ = {isa = PBXFileReference; lastKnownFileType = sourcecode.swift; path = CategoryItem.swift; sourceTree = "<group>"; };
		407037DF2670E68A00B45E2B /* Profile.swift */ = {isa = PBXFileReference; lastKnownFileType = sourcecode.swift; path = Profile.swift; sourceTree = "<group>"; };
		407037E22670E8A100B45E2B /* ProfileHost.swift */ = {isa = PBXFileReference; lastKnownFileType = sourcecode.swift; path = ProfileHost.swift; sourceTree = "<group>"; };
		407037E42670E9DA00B45E2B /* ProfileSummary.swift */ = {isa = PBXFileReference; lastKnownFileType = sourcecode.swift; path = ProfileSummary.swift; sourceTree = "<group>"; };
		407037E82670EC9B00B45E2B /* HikeBadge.swift */ = {isa = PBXFileReference; lastKnownFileType = sourcecode.swift; path = HikeBadge.swift; sourceTree = "<group>"; };
		407037EA2670F9F700B45E2B /* ProfileEditor.swift */ = {isa = PBXFileReference; lastKnownFileType = sourcecode.swift; path = ProfileEditor.swift; sourceTree = "<group>"; };
/* End PBXFileReference section */

/* Begin PBXFrameworksBuildPhase section */
		401E6266266E0DFF00210E4E /* Frameworks */ = {
			isa = PBXFrameworksBuildPhase;
			buildActionMask = 2147483647;
			files = (
			);
			runOnlyForDeploymentPostprocessing = 0;
		};
/* End PBXFrameworksBuildPhase section */

/* Begin PBXGroup section */
		400EB9E02678D9B6005D0992 /* Extensions */ = {
			isa = PBXGroup;
			children = (
				400EB9E12678D9DC005D0992 /* URL-Codable.swift */,
			);
			path = Extensions;
			sourceTree = "<group>";
		};
		401E6260266E0DFF00210E4E = {
			isa = PBXGroup;
			children = (
				401E626B266E0DFF00210E4E /* Landmarks */,
				401E626A266E0DFF00210E4E /* Products */,
			);
			sourceTree = "<group>";
		};
		401E626A266E0DFF00210E4E /* Products */ = {
			isa = PBXGroup;
			children = (
				401E6269266E0DFF00210E4E /* Landmarks.app */,
			);
			name = Products;
			sourceTree = "<group>";
		};
		401E626B266E0DFF00210E4E /* Landmarks */ = {
			isa = PBXGroup;
			children = (
				401E626C266E0DFF00210E4E /* LandmarksApp.swift */,
				400EB9E02678D9B6005D0992 /* Extensions */,
				401E6294266E568800210E4E /* Helpers */,
				401E6287266E245500210E4E /* Views */,
				401E6289266E249B00210E4E /* Resources */,
				401E6288266E247700210E4E /* Model */,
				401E6270266E0E0100210E4E /* Assets.xcassets */,
				401E6275266E0E0100210E4E /* Info.plist */,
				401E6272266E0E0100210E4E /* Preview Content */,
			);
			path = Landmarks;
			sourceTree = "<group>";
		};
		401E6272266E0E0100210E4E /* Preview Content */ = {
			isa = PBXGroup;
			children = (
				401E6273266E0E0100210E4E /* Preview Assets.xcassets */,
			);
			path = "Preview Content";
			sourceTree = "<group>";
		};
		401E6287266E245500210E4E /* Views */ = {
			isa = PBXGroup;
			children = (
				401E626E266E0DFF00210E4E /* ContentView.swift */,
				407037E72670EC7B00B45E2B /* LandMark */,
				407037E62670EC4A00B45E2B /* Hike */,
				407037E12670E86700B45E2B /* Profiles */,
				407037D62670AEE700B45E2B /* Categories */,
				407037C7266FBEAC00B45E2B /* Badges */,
			);
			path = Views;
			sourceTree = "<group>";
		};
		401E6288266E247700210E4E /* Model */ = {
			isa = PBXGroup;
			children = (
				401E6283266E223A00210E4E /* ModelData.swift */,
				401E6281266E1DD700210E4E /* Landmark.swift */,
				407037CA266FC07100B45E2B /* Hike.swift */,
				407037DF2670E68A00B45E2B /* Profile.swift */,
			);
			path = Model;
			sourceTree = "<group>";
		};
		401E6289266E249B00210E4E /* Resources */ = {
			isa = PBXGroup;
			children = (
				407037C8266FC05A00B45E2B /* hikeData.json */,
				401E627F266E1DAC00210E4E /* landmarkData.json */,
			);
			path = Resources;
			sourceTree = "<group>";
		};
		401E6294266E568800210E4E /* Helpers */ = {
			isa = PBXGroup;
			children = (
				401E6292266E562500210E4E /* FavoriteButton.swift */,
				401E627B266E113E00210E4E /* CircleImage.swift */,
				401E627D266E171000210E4E /* MapView.swift */,
			);
			path = Helpers;
			sourceTree = "<group>";
		};
		407037C7266FBEAC00B45E2B /* Badges */ = {
			isa = PBXGroup;
			children = (
				407037BF266FAC0F00B45E2B /* HexagonParameters.swift */,
				407037C1266FB3A700B45E2B /* BadgeBackground.swift */,
				407037C3266FB7D000B45E2B /* RotatedBadge.swift */,
				407037C5266FB86400B45E2B /* Badge.swift */,
			);
			path = Badges;
			sourceTree = "<group>";
		};
		407037D62670AEE700B45E2B /* Categories */ = {
			isa = PBXGroup;
			children = (
				407037D72670AEFA00B45E2B /* CategoryHome.swift */,
				407037DB2670B2BE00B45E2B /* CategoryRow.swift */,
				407037DD2670B81E00B45E2B /* CategoryItem.swift */,
			);
			path = Categories;
			sourceTree = "<group>";
		};
		407037E12670E86700B45E2B /* Profiles */ = {
			isa = PBXGroup;
			children = (
				407037E22670E8A100B45E2B /* ProfileHost.swift */,
				407037E42670E9DA00B45E2B /* ProfileSummary.swift */,
				407037EA2670F9F700B45E2B /* ProfileEditor.swift */,
			);
			path = Profiles;
			sourceTree = "<group>";
		};
		407037E62670EC4A00B45E2B /* Hike */ = {
			isa = PBXGroup;
			children = (
				407037CD266FC2F700B45E2B /* HikeDetail.swift */,
				407037CC266FC2F700B45E2B /* HikeGraph.swift */,
				407037CE266FC2F700B45E2B /* HikeView.swift */,
				407037CF266FC2F700B45E2B /* GraphCapsule.swift */,
				407037E82670EC9B00B45E2B /* HikeBadge.swift */,
			);
			path = Hike;
			sourceTree = "<group>";
		};
		407037E72670EC7B00B45E2B /* LandMark */ = {
			isa = PBXGroup;
			children = (
				401E628A266E255A00210E4E /* LandmarkRow.swift */,
				401E628C266E40B900210E4E /* LandmarkList.swift */,
				401E628E266E431800210E4E /* LandmarkDetailView.swift */,
			);
			path = LandMark;
			sourceTree = "<group>";
		};
/* End PBXGroup section */

/* Begin PBXNativeTarget section */
		401E6268266E0DFF00210E4E /* Landmarks */ = {
			isa = PBXNativeTarget;
			buildConfigurationList = 401E6278266E0E0100210E4E /* Build configuration list for PBXNativeTarget "Landmarks" */;
			buildPhases = (
				401E6265266E0DFF00210E4E /* Sources */,
				401E6266266E0DFF00210E4E /* Frameworks */,
				401E6267266E0DFF00210E4E /* Resources */,
			);
			buildRules = (
			);
			dependencies = (
			);
			name = Landmarks;
			productName = Landmarks;
			productReference = 401E6269266E0DFF00210E4E /* Landmarks.app */;
			productType = "com.apple.product-type.application";
		};
/* End PBXNativeTarget section */

/* Begin PBXProject section */
		401E6261266E0DFF00210E4E /* Project object */ = {
			isa = PBXProject;
			attributes = {
				LastSwiftUpdateCheck = 1250;
				LastUpgradeCheck = 1250;
				TargetAttributes = {
					401E6268266E0DFF00210E4E = {
						CreatedOnToolsVersion = 12.5;
					};
				};
			};
			buildConfigurationList = 401E6264266E0DFF00210E4E /* Build configuration list for PBXProject "Landmarks" */;
			compatibilityVersion = "Xcode 9.3";
			developmentRegion = en;
			hasScannedForEncodings = 0;
			knownRegions = (
				en,
				Base,
			);
			mainGroup = 401E6260266E0DFF00210E4E;
			productRefGroup = 401E626A266E0DFF00210E4E /* Products */;
			projectDirPath = "";
			projectRoot = "";
			targets = (
				401E6268266E0DFF00210E4E /* Landmarks */,
			);
		};
/* End PBXProject section */

/* Begin PBXResourcesBuildPhase section */
		401E6267266E0DFF00210E4E /* Resources */ = {
			isa = PBXResourcesBuildPhase;
			buildActionMask = 2147483647;
			files = (
				407037C9266FC05A00B45E2B /* hikeData.json in Resources */,
				401E6274266E0E0100210E4E /* Preview Assets.xcassets in Resources */,
				401E6271266E0E0100210E4E /* Assets.xcassets in Resources */,
				401E6280266E1DAC00210E4E /* landmarkData.json in Resources */,
			);
			runOnlyForDeploymentPostprocessing = 0;
		};
/* End PBXResourcesBuildPhase section */

/* Begin PBXSourcesBuildPhase section */
		401E6265266E0DFF00210E4E /* Sources */ = {
			isa = PBXSourcesBuildPhase;
			buildActionMask = 2147483647;
			files = (
				407037DC2670B2BE00B45E2B /* CategoryRow.swift in Sources */,
				407037E02670E68A00B45E2B /* Profile.swift in Sources */,
				400EB9E22678D9DC005D0992 /* URL-Codable.swift in Sources */,
				407037D3266FC2F700B45E2B /* GraphCapsule.swift in Sources */,
				407037D82670AEFA00B45E2B /* CategoryHome.swift in Sources */,
				407037C0266FAC0F00B45E2B /* HexagonParameters.swift in Sources */,
				407037C6266FB86400B45E2B /* Badge.swift in Sources */,
				401E626F266E0DFF00210E4E /* ContentView.swift in Sources */,
				401E628F266E431800210E4E /* LandmarkDetailView.swift in Sources */,
				407037D2266FC2F700B45E2B /* HikeView.swift in Sources */,
				401E627E266E171000210E4E /* MapView.swift in Sources */,
				407037DE2670B81E00B45E2B /* CategoryItem.swift in Sources */,
				401E626D266E0DFF00210E4E /* LandmarksApp.swift in Sources */,
				407037E52670E9DA00B45E2B /* ProfileSummary.swift in Sources */,
				407037CB266FC07100B45E2B /* Hike.swift in Sources */,
				407037E32670E8A100B45E2B /* ProfileHost.swift in Sources */,
				401E627C266E113E00210E4E /* CircleImage.swift in Sources */,
				401E628D266E40B900210E4E /* LandmarkList.swift in Sources */,
				401E6282266E1DD700210E4E /* Landmark.swift in Sources */,
				407037EB2670F9F700B45E2B /* ProfileEditor.swift in Sources */,
				407037C2266FB3A700B45E2B /* BadgeBackground.swift in Sources */,
				407037D1266FC2F700B45E2B /* HikeDetail.swift in Sources */,
				401E628B266E255A00210E4E /* LandmarkRow.swift in Sources */,
				407037E92670EC9B00B45E2B /* HikeBadge.swift in Sources */,
				407037C4266FB7D000B45E2B /* RotatedBadge.swift in Sources */,
				401E6293266E562500210E4E /* FavoriteButton.swift in Sources */,
				401E6284266E223A00210E4E /* ModelData.swift in Sources */,
				407037D0266FC2F700B45E2B /* HikeGraph.swift in Sources */,
			);
			runOnlyForDeploymentPostprocessing = 0;
		};
/* End PBXSourcesBuildPhase section */

/* Begin XCBuildConfiguration section */
		401E6276266E0E0100210E4E /* Debug */ = {
			isa = XCBuildConfiguration;
			buildSettings = {
				ALWAYS_SEARCH_USER_PATHS = NO;
				CLANG_ANALYZER_NONNULL = YES;
				CLANG_ANALYZER_NUMBER_OBJECT_CONVERSION = YES_AGGRESSIVE;
				CLANG_CXX_LANGUAGE_STANDARD = "gnu++14";
				CLANG_CXX_LIBRARY = "libc++";
				CLANG_ENABLE_MODULES = YES;
				CLANG_ENABLE_OBJC_ARC = YES;
				CLANG_ENABLE_OBJC_WEAK = YES;
				CLANG_WARN_BLOCK_CAPTURE_AUTORELEASING = YES;
				CLANG_WARN_BOOL_CONVERSION = YES;
				CLANG_WARN_COMMA = YES;
				CLANG_WARN_CONSTANT_CONVERSION = YES;
				CLANG_WARN_DEPRECATED_OBJC_IMPLEMENTATIONS = YES;
				CLANG_WARN_DIRECT_OBJC_ISA_USAGE = YES_ERROR;
				CLANG_WARN_DOCUMENTATION_COMMENTS = YES;
				CLANG_WARN_EMPTY_BODY = YES;
				CLANG_WARN_ENUM_CONVERSION = YES;
				CLANG_WARN_INFINITE_RECURSION = YES;
				CLANG_WARN_INT_CONVERSION = YES;
				CLANG_WARN_NON_LITERAL_NULL_CONVERSION = YES;
				CLANG_WARN_OBJC_IMPLICIT_RETAIN_SELF = YES;
				CLANG_WARN_OBJC_LITERAL_CONVERSION = YES;
				CLANG_WARN_OBJC_ROOT_CLASS = YES_ERROR;
				CLANG_WARN_QUOTED_INCLUDE_IN_FRAMEWORK_HEADER = YES;
				CLANG_WARN_RANGE_LOOP_ANALYSIS = YES;
				CLANG_WARN_STRICT_PROTOTYPES = YES;
				CLANG_WARN_SUSPICIOUS_MOVE = YES;
				CLANG_WARN_UNGUARDED_AVAILABILITY = YES_AGGRESSIVE;
				CLANG_WARN_UNREACHABLE_CODE = YES;
				CLANG_WARN__DUPLICATE_METHOD_MATCH = YES;
				COPY_PHASE_STRIP = NO;
				DEBUG_INFORMATION_FORMAT = dwarf;
				ENABLE_STRICT_OBJC_MSGSEND = YES;
				ENABLE_TESTABILITY = YES;
				GCC_C_LANGUAGE_STANDARD = gnu11;
				GCC_DYNAMIC_NO_PIC = NO;
				GCC_NO_COMMON_BLOCKS = YES;
				GCC_OPTIMIZATION_LEVEL = 0;
				GCC_PREPROCESSOR_DEFINITIONS = (
					"DEBUG=1",
					"$(inherited)",
				);
				GCC_WARN_64_TO_32_BIT_CONVERSION = YES;
				GCC_WARN_ABOUT_RETURN_TYPE = YES_ERROR;
				GCC_WARN_UNDECLARED_SELECTOR = YES;
				GCC_WARN_UNINITIALIZED_AUTOS = YES_AGGRESSIVE;
				GCC_WARN_UNUSED_FUNCTION = YES;
				GCC_WARN_UNUSED_VARIABLE = YES;
				IPHONEOS_DEPLOYMENT_TARGET = 14.5;
				MTL_ENABLE_DEBUG_INFO = INCLUDE_SOURCE;
				MTL_FAST_MATH = YES;
				ONLY_ACTIVE_ARCH = YES;
				SDKROOT = iphoneos;
				SWIFT_ACTIVE_COMPILATION_CONDITIONS = DEBUG;
				SWIFT_OPTIMIZATION_LEVEL = "-Onone";
			};
			name = Debug;
		};
		401E6277266E0E0100210E4E /* Release */ = {
			isa = XCBuildConfiguration;
			buildSettings = {
				ALWAYS_SEARCH_USER_PATHS = NO;
				CLANG_ANALYZER_NONNULL = YES;
				CLANG_ANALYZER_NUMBER_OBJECT_CONVERSION = YES_AGGRESSIVE;
				CLANG_CXX_LANGUAGE_STANDARD = "gnu++14";
				CLANG_CXX_LIBRARY = "libc++";
				CLANG_ENABLE_MODULES = YES;
				CLANG_ENABLE_OBJC_ARC = YES;
				CLANG_ENABLE_OBJC_WEAK = YES;
				CLANG_WARN_BLOCK_CAPTURE_AUTORELEASING = YES;
				CLANG_WARN_BOOL_CONVERSION = YES;
				CLANG_WARN_COMMA = YES;
				CLANG_WARN_CONSTANT_CONVERSION = YES;
				CLANG_WARN_DEPRECATED_OBJC_IMPLEMENTATIONS = YES;
				CLANG_WARN_DIRECT_OBJC_ISA_USAGE = YES_ERROR;
				CLANG_WARN_DOCUMENTATION_COMMENTS = YES;
				CLANG_WARN_EMPTY_BODY = YES;
				CLANG_WARN_ENUM_CONVERSION = YES;
				CLANG_WARN_INFINITE_RECURSION = YES;
				CLANG_WARN_INT_CONVERSION = YES;
				CLANG_WARN_NON_LITERAL_NULL_CONVERSION = YES;
				CLANG_WARN_OBJC_IMPLICIT_RETAIN_SELF = YES;
				CLANG_WARN_OBJC_LITERAL_CONVERSION = YES;
				CLANG_WARN_OBJC_ROOT_CLASS = YES_ERROR;
				CLANG_WARN_QUOTED_INCLUDE_IN_FRAMEWORK_HEADER = YES;
				CLANG_WARN_RANGE_LOOP_ANALYSIS = YES;
				CLANG_WARN_STRICT_PROTOTYPES = YES;
				CLANG_WARN_SUSPICIOUS_MOVE = YES;
				CLANG_WARN_UNGUARDED_AVAILABILITY = YES_AGGRESSIVE;
				CLANG_WARN_UNREACHABLE_CODE = YES;
				CLANG_WARN__DUPLICATE_METHOD_MATCH = YES;
				COPY_PHASE_STRIP = NO;
				DEBUG_INFORMATION_FORMAT = "dwarf-with-dsym";
				ENABLE_NS_ASSERTIONS = NO;
				ENABLE_STRICT_OBJC_MSGSEND = YES;
				GCC_C_LANGUAGE_STANDARD = gnu11;
				GCC_NO_COMMON_BLOCKS = YES;
				GCC_WARN_64_TO_32_BIT_CONVERSION = YES;
				GCC_WARN_ABOUT_RETURN_TYPE = YES_ERROR;
				GCC_WARN_UNDECLARED_SELECTOR = YES;
				GCC_WARN_UNINITIALIZED_AUTOS = YES_AGGRESSIVE;
				GCC_WARN_UNUSED_FUNCTION = YES;
				GCC_WARN_UNUSED_VARIABLE = YES;
				IPHONEOS_DEPLOYMENT_TARGET = 14.5;
				MTL_ENABLE_DEBUG_INFO = NO;
				MTL_FAST_MATH = YES;
				SDKROOT = iphoneos;
				SWIFT_COMPILATION_MODE = wholemodule;
				SWIFT_OPTIMIZATION_LEVEL = "-O";
				VALIDATE_PRODUCT = YES;
			};
			name = Release;
		};
		401E6279266E0E0100210E4E /* Debug */ = {
			isa = XCBuildConfiguration;
			buildSettings = {
				ASSETCATALOG_COMPILER_APPICON_NAME = AppIcon;
				ASSETCATALOG_COMPILER_GLOBAL_ACCENT_COLOR_NAME = AccentColor;
				CODE_SIGN_STYLE = Automatic;
				DEVELOPMENT_ASSET_PATHS = "\"Landmarks/Preview Content\"";
				DEVELOPMENT_TEAM = 2AS4F3T75B;
				ENABLE_PREVIEWS = YES;
				INFOPLIST_FILE = Landmarks/Info.plist;
				IPHONEOS_DEPLOYMENT_TARGET = 14.0;
				LD_RUNPATH_SEARCH_PATHS = (
					"$(inherited)",
					"@executable_path/Frameworks",
				);
				PRODUCT_BUNDLE_IDENTIFIER = com.kuckelhaus.Landmarks;
				PRODUCT_NAME = "$(TARGET_NAME)";
				SWIFT_VERSION = 5.0;
				TARGETED_DEVICE_FAMILY = "1,2";
			};
			name = Debug;
		};
		401E627A266E0E0100210E4E /* Release */ = {
			isa = XCBuildConfiguration;
			buildSettings = {
				ASSETCATALOG_COMPILER_APPICON_NAME = AppIcon;
				ASSETCATALOG_COMPILER_GLOBAL_ACCENT_COLOR_NAME = AccentColor;
				CODE_SIGN_STYLE = Automatic;
				DEVELOPMENT_ASSET_PATHS = "\"Landmarks/Preview Content\"";
				DEVELOPMENT_TEAM = 2AS4F3T75B;
				ENABLE_PREVIEWS = YES;
				INFOPLIST_FILE = Landmarks/Info.plist;
				IPHONEOS_DEPLOYMENT_TARGET = 14.0;
				LD_RUNPATH_SEARCH_PATHS = (
					"$(inherited)",
					"@executable_path/Frameworks",
				);
				PRODUCT_BUNDLE_IDENTIFIER = com.kuckelhaus.Landmarks;
				PRODUCT_NAME = "$(TARGET_NAME)";
				SWIFT_VERSION = 5.0;
				TARGETED_DEVICE_FAMILY = "1,2";
			};
			name = Release;
		};
/* End XCBuildConfiguration section */

/* Begin XCConfigurationList section */
		401E6264266E0DFF00210E4E /* Build configuration list for PBXProject "Landmarks" */ = {
			isa = XCConfigurationList;
			buildConfigurations = (
				401E6276266E0E0100210E4E /* Debug */,
				401E6277266E0E0100210E4E /* Release */,
			);
			defaultConfigurationIsVisible = 0;
			defaultConfigurationName = Release;
		};
		401E6278266E0E0100210E4E /* Build configuration list for PBXNativeTarget "Landmarks" */ = {
			isa = XCConfigurationList;
			buildConfigurations = (
				401E6279266E0E0100210E4E /* Debug */,
				401E627A266E0E0100210E4E /* Release */,
			);
			defaultConfigurationIsVisible = 0;
			defaultConfigurationName = Release;
		};
/* End XCConfigurationList section */
	};
	rootObject = 401E6261266E0DFF00210E4E /* Project object */;
}
