// !$*UTF8*$!
{
	archiveVersion = 1;
	classes = {
	};
	objectVersion = 52;
	objects = {

/* Begin PBXBuildFile section */
		40808EB82667760000344DC2 /* myCoxinhaApp.swift in Sources */ = {isa = PBXBuildFile; fileRef = 40808EB72667760000344DC2 /* myCoxinhaApp.swift */; };
		40808EBA2667760000344DC2 /* ContentView.swift in Sources */ = {isa = PBXBuildFile; fileRef = 40808EB92667760000344DC2 /* ContentView.swift */; };
		40808EBC2667760200344DC2 /* Assets.xcassets in Resources */ = {isa = PBXBuildFile; fileRef = 40808EBB2667760200344DC2 /* Assets.xcassets */; };
		40808EBF2667760200344DC2 /* Preview Assets.xcassets in Resources */ = {isa = PBXBuildFile; fileRef = 40808EBE2667760200344DC2 /* Preview Assets.xcassets */; };
		40808EC72667764600344DC2 /* Coxinha.swift in Sources */ = {isa = PBXBuildFile; fileRef = 40808EC62667764600344DC2 /* Coxinha.swift */; };
		40808EC9266783E300344DC2 /* AddressView.swift in Sources */ = {isa = PBXBuildFile; fileRef = 40808EC8266783E300344DC2 /* AddressView.swift */; };
		40808ECB26678B9000344DC2 /* CheckoutView.swift in Sources */ = {isa = PBXBuildFile; fileRef = 40808ECA26678B9000344DC2 /* CheckoutView.swift */; };
		40808ECE2667AA0100344DC2 /* SDWebImageSwiftUI in Frameworks */ = {isa = PBXBuildFile; productRef = 40808ECD2667AA0100344DC2 /* SDWebImageSwiftUI */; };
/* End PBXBuildFile section */

/* Begin PBXFileReference section */
		40808EB42667760000344DC2 /* myCoxinha.app */ = {isa = PBXFileReference; explicitFileType = wrapper.application; includeInIndex = 0; path = myCoxinha.app; sourceTree = BUILT_PRODUCTS_DIR; };
		40808EB72667760000344DC2 /* myCoxinhaApp.swift */ = {isa = PBXFileReference; lastKnownFileType = sourcecode.swift; path = myCoxinhaApp.swift; sourceTree = "<group>"; };
		40808EB92667760000344DC2 /* ContentView.swift */ = {isa = PBXFileReference; lastKnownFileType = sourcecode.swift; path = ContentView.swift; sourceTree = "<group>"; };
		40808EBB2667760200344DC2 /* Assets.xcassets */ = {isa = PBXFileReference; lastKnownFileType = folder.assetcatalog; path = Assets.xcassets; sourceTree = "<group>"; };
		40808EBE2667760200344DC2 /* Preview Assets.xcassets */ = {isa = PBXFileReference; lastKnownFileType = folder.assetcatalog; path = "Preview Assets.xcassets"; sourceTree = "<group>"; };
		40808EC02667760200344DC2 /* Info.plist */ = {isa = PBXFileReference; lastKnownFileType = text.plist.xml; path = Info.plist; sourceTree = "<group>"; };
		40808EC62667764600344DC2 /* Coxinha.swift */ = {isa = PBXFileReference; lastKnownFileType = sourcecode.swift; path = Coxinha.swift; sourceTree = "<group>"; };
		40808EC8266783E300344DC2 /* AddressView.swift */ = {isa = PBXFileReference; lastKnownFileType = sourcecode.swift; path = AddressView.swift; sourceTree = "<group>"; };
		40808ECA26678B9000344DC2 /* CheckoutView.swift */ = {isa = PBXFileReference; lastKnownFileType = sourcecode.swift; path = CheckoutView.swift; sourceTree = "<group>"; };
/* End PBXFileReference section */

/* Begin PBXFrameworksBuildPhase section */
		40808EB12667760000344DC2 /* Frameworks */ = {
			isa = PBXFrameworksBuildPhase;
			buildActionMask = 2147483647;
			files = (
				40808ECE2667AA0100344DC2 /* SDWebImageSwiftUI in Frameworks */,
			);
			runOnlyForDeploymentPostprocessing = 0;
		};
/* End PBXFrameworksBuildPhase section */

/* Begin PBXGroup section */
		40808EAB2667760000344DC2 = {
			isa = PBXGroup;
			children = (
				40808EB62667760000344DC2 /* myCoxinha */,
				40808EB52667760000344DC2 /* Products */,
			);
			sourceTree = "<group>";
		};
		40808EB52667760000344DC2 /* Products */ = {
			isa = PBXGroup;
			children = (
				40808EB42667760000344DC2 /* myCoxinha.app */,
			);
			name = Products;
			sourceTree = "<group>";
		};
		40808EB62667760000344DC2 /* myCoxinha */ = {
			isa = PBXGroup;
			children = (
				40808EB72667760000344DC2 /* myCoxinhaApp.swift */,
				40808EB92667760000344DC2 /* ContentView.swift */,
				40808EC62667764600344DC2 /* Coxinha.swift */,
				40808EC8266783E300344DC2 /* AddressView.swift */,
				40808ECA26678B9000344DC2 /* CheckoutView.swift */,
				40808EBB2667760200344DC2 /* Assets.xcassets */,
				40808EC02667760200344DC2 /* Info.plist */,
				40808EBD2667760200344DC2 /* Preview Content */,
			);
			path = myCoxinha;
			sourceTree = "<group>";
		};
		40808EBD2667760200344DC2 /* Preview Content */ = {
			isa = PBXGroup;
			children = (
				40808EBE2667760200344DC2 /* Preview Assets.xcassets */,
			);
			path = "Preview Content";
			sourceTree = "<group>";
		};
/* End PBXGroup section */

/* Begin PBXNativeTarget section */
		40808EB32667760000344DC2 /* myCoxinha */ = {
			isa = PBXNativeTarget;
			buildConfigurationList = 40808EC32667760200344DC2 /* Build configuration list for PBXNativeTarget "myCoxinha" */;
			buildPhases = (
				40808EB02667760000344DC2 /* Sources */,
				40808EB12667760000344DC2 /* Frameworks */,
				40808EB22667760000344DC2 /* Resources */,
			);
			buildRules = (
			);
			dependencies = (
			);
			name = myCoxinha;
			packageProductDependencies = (
				40808ECD2667AA0100344DC2 /* SDWebImageSwiftUI */,
			);
			productName = myCoxinha;
			productReference = 40808EB42667760000344DC2 /* myCoxinha.app */;
			productType = "com.apple.product-type.application";
		};
/* End PBXNativeTarget section */

/* Begin PBXProject section */
		40808EAC2667760000344DC2 /* Project object */ = {
			isa = PBXProject;
			attributes = {
				LastSwiftUpdateCheck = 1250;
				LastUpgradeCheck = 1250;
				TargetAttributes = {
					40808EB32667760000344DC2 = {
						CreatedOnToolsVersion = 12.5;
					};
				};
			};
			buildConfigurationList = 40808EAF2667760000344DC2 /* Build configuration list for PBXProject "myCoxinha" */;
			compatibilityVersion = "Xcode 9.3";
			developmentRegion = en;
			hasScannedForEncodings = 0;
			knownRegions = (
				en,
				Base,
			);
			mainGroup = 40808EAB2667760000344DC2;
			packageReferences = (
				40808ECC2667AA0100344DC2 /* XCRemoteSwiftPackageReference "SDWebImageSwiftUI" */,
			);
			productRefGroup = 40808EB52667760000344DC2 /* Products */;
			projectDirPath = "";
			projectRoot = "";
			targets = (
				40808EB32667760000344DC2 /* myCoxinha */,
			);
		};
/* End PBXProject section */

/* Begin PBXResourcesBuildPhase section */
		40808EB22667760000344DC2 /* Resources */ = {
			isa = PBXResourcesBuildPhase;
			buildActionMask = 2147483647;
			files = (
				40808EBF2667760200344DC2 /* Preview Assets.xcassets in Resources */,
				40808EBC2667760200344DC2 /* Assets.xcassets in Resources */,
			);
			runOnlyForDeploymentPostprocessing = 0;
		};
/* End PBXResourcesBuildPhase section */

/* Begin PBXSourcesBuildPhase section */
		40808EB02667760000344DC2 /* Sources */ = {
			isa = PBXSourcesBuildPhase;
			buildActionMask = 2147483647;
			files = (
				40808EBA2667760000344DC2 /* ContentView.swift in Sources */,
				40808EC9266783E300344DC2 /* AddressView.swift in Sources */,
				40808ECB26678B9000344DC2 /* CheckoutView.swift in Sources */,
				40808EB82667760000344DC2 /* myCoxinhaApp.swift in Sources */,
				40808EC72667764600344DC2 /* Coxinha.swift in Sources */,
			);
			runOnlyForDeploymentPostprocessing = 0;
		};
/* End PBXSourcesBuildPhase section */

/* Begin XCBuildConfiguration section */
		40808EC12667760200344DC2 /* Debug */ = {
			isa = XCBuildConfiguration;
			buildSettings = {
				ALWAYS_SEARCH_USER_PATHS = NO;
				CLANG_ANALYZER_NONNULL = YES;
				CLANG_ANALYZER_NUMBER_OBJECT_CONVERSION = YES_AGGRESSIVE;
				CLANG_CXX_LANGUAGE_STANDARD = "gnu++14";
				CLANG_CXX_LIBRARY = "libc++";
				CLANG_ENABLE_MODULES = YES;
				CLANG_ENABLE_OBJC_ARC = YES;
				CLANG_ENABLE_OBJC_WEAK = YES;
				CLANG_WARN_BLOCK_CAPTURE_AUTORELEASING = YES;
				CLANG_WARN_BOOL_CONVERSION = YES;
				CLANG_WARN_COMMA = YES;
				CLANG_WARN_CONSTANT_CONVERSION = YES;
				CLANG_WARN_DEPRECATED_OBJC_IMPLEMENTATIONS = YES;
				CLANG_WARN_DIRECT_OBJC_ISA_USAGE = YES_ERROR;
				CLANG_WARN_DOCUMENTATION_COMMENTS = YES;
				CLANG_WARN_EMPTY_BODY = YES;
				CLANG_WARN_ENUM_CONVERSION = YES;
				CLANG_WARN_INFINITE_RECURSION = YES;
				CLANG_WARN_INT_CONVERSION = YES;
				CLANG_WARN_NON_LITERAL_NULL_CONVERSION = YES;
				CLANG_WARN_OBJC_IMPLICIT_RETAIN_SELF = YES;
				CLANG_WARN_OBJC_LITERAL_CONVERSION = YES;
				CLANG_WARN_OBJC_ROOT_CLASS = YES_ERROR;
				CLANG_WARN_QUOTED_INCLUDE_IN_FRAMEWORK_HEADER = YES;
				CLANG_WARN_RANGE_LOOP_ANALYSIS = YES;
				CLANG_WARN_STRICT_PROTOTYPES = YES;
				CLANG_WARN_SUSPICIOUS_MOVE = YES;
				CLANG_WARN_UNGUARDED_AVAILABILITY = YES_AGGRESSIVE;
				CLANG_WARN_UNREACHABLE_CODE = YES;
				CLANG_WARN__DUPLICATE_METHOD_MATCH = YES;
				COPY_PHASE_STRIP = NO;
				DEBUG_INFORMATION_FORMAT = dwarf;
				ENABLE_STRICT_OBJC_MSGSEND = YES;
				ENABLE_TESTABILITY = YES;
				GCC_C_LANGUAGE_STANDARD = gnu11;
				GCC_DYNAMIC_NO_PIC = NO;
				GCC_NO_COMMON_BLOCKS = YES;
				GCC_OPTIMIZATION_LEVEL = 0;
				GCC_PREPROCESSOR_DEFINITIONS = (
					"DEBUG=1",
					"$(inherited)",
				);
				GCC_WARN_64_TO_32_BIT_CONVERSION = YES;
				GCC_WARN_ABOUT_RETURN_TYPE = YES_ERROR;
				GCC_WARN_UNDECLARED_SELECTOR = YES;
				GCC_WARN_UNINITIALIZED_AUTOS = YES_AGGRESSIVE;
				GCC_WARN_UNUSED_FUNCTION = YES;
				GCC_WARN_UNUSED_VARIABLE = YES;
				IPHONEOS_DEPLOYMENT_TARGET = 14.5;
				MTL_ENABLE_DEBUG_INFO = INCLUDE_SOURCE;
				MTL_FAST_MATH = YES;
				ONLY_ACTIVE_ARCH = YES;
				SDKROOT = iphoneos;
				SWIFT_ACTIVE_COMPILATION_CONDITIONS = DEBUG;
				SWIFT_OPTIMIZATION_LEVEL = "-Onone";
			};
			name = Debug;
		};
		40808EC22667760200344DC2 /* Release */ = {
			isa = XCBuildConfiguration;
			buildSettings = {
				ALWAYS_SEARCH_USER_PATHS = NO;
				CLANG_ANALYZER_NONNULL = YES;
				CLANG_ANALYZER_NUMBER_OBJECT_CONVERSION = YES_AGGRESSIVE;
				CLANG_CXX_LANGUAGE_STANDARD = "gnu++14";
				CLANG_CXX_LIBRARY = "libc++";
				CLANG_ENABLE_MODULES = YES;
				CLANG_ENABLE_OBJC_ARC = YES;
				CLANG_ENABLE_OBJC_WEAK = YES;
				CLANG_WARN_BLOCK_CAPTURE_AUTORELEASING = YES;
				CLANG_WARN_BOOL_CONVERSION = YES;
				CLANG_WARN_COMMA = YES;
				CLANG_WARN_CONSTANT_CONVERSION = YES;
				CLANG_WARN_DEPRECATED_OBJC_IMPLEMENTATIONS = YES;
				CLANG_WARN_DIRECT_OBJC_ISA_USAGE = YES_ERROR;
				CLANG_WARN_DOCUMENTATION_COMMENTS = YES;
				CLANG_WARN_EMPTY_BODY = YES;
				CLANG_WARN_ENUM_CONVERSION = YES;
				CLANG_WARN_INFINITE_RECURSION = YES;
				CLANG_WARN_INT_CONVERSION = YES;
				CLANG_WARN_NON_LITERAL_NULL_CONVERSION = YES;
				CLANG_WARN_OBJC_IMPLICIT_RETAIN_SELF = YES;
				CLANG_WARN_OBJC_LITERAL_CONVERSION = YES;
				CLANG_WARN_OBJC_ROOT_CLASS = YES_ERROR;
				CLANG_WARN_QUOTED_INCLUDE_IN_FRAMEWORK_HEADER = YES;
				CLANG_WARN_RANGE_LOOP_ANALYSIS = YES;
				CLANG_WARN_STRICT_PROTOTYPES = YES;
				CLANG_WARN_SUSPICIOUS_MOVE = YES;
				CLANG_WARN_UNGUARDED_AVAILABILITY = YES_AGGRESSIVE;
				CLANG_WARN_UNREACHABLE_CODE = YES;
				CLANG_WARN__DUPLICATE_METHOD_MATCH = YES;
				COPY_PHASE_STRIP = NO;
				DEBUG_INFORMATION_FORMAT = "dwarf-with-dsym";
				ENABLE_NS_ASSERTIONS = NO;
				ENABLE_STRICT_OBJC_MSGSEND = YES;
				GCC_C_LANGUAGE_STANDARD = gnu11;
				GCC_NO_COMMON_BLOCKS = YES;
				GCC_WARN_64_TO_32_BIT_CONVERSION = YES;
				GCC_WARN_ABOUT_RETURN_TYPE = YES_ERROR;
				GCC_WARN_UNDECLARED_SELECTOR = YES;
				GCC_WARN_UNINITIALIZED_AUTOS = YES_AGGRESSIVE;
				GCC_WARN_UNUSED_FUNCTION = YES;
				GCC_WARN_UNUSED_VARIABLE = YES;
				IPHONEOS_DEPLOYMENT_TARGET = 14.5;
				MTL_ENABLE_DEBUG_INFO = NO;
				MTL_FAST_MATH = YES;
				SDKROOT = iphoneos;
				SWIFT_COMPILATION_MODE = wholemodule;
				SWIFT_OPTIMIZATION_LEVEL = "-O";
				VALIDATE_PRODUCT = YES;
			};
			name = Release;
		};
		40808EC42667760200344DC2 /* Debug */ = {
			isa = XCBuildConfiguration;
			buildSettings = {
				ASSETCATALOG_COMPILER_APPICON_NAME = AppIcon;
				ASSETCATALOG_COMPILER_GLOBAL_ACCENT_COLOR_NAME = AccentColor;
				CODE_SIGN_STYLE = Automatic;
				DEVELOPMENT_ASSET_PATHS = "\"myCoxinha/Preview Content\"";
				DEVELOPMENT_TEAM = 2AS4F3T75B;
				ENABLE_PREVIEWS = YES;
				INFOPLIST_FILE = myCoxinha/Info.plist;
				IPHONEOS_DEPLOYMENT_TARGET = 14.0;
				LD_RUNPATH_SEARCH_PATHS = (
					"$(inherited)",
					"@executable_path/Frameworks",
				);
				PRODUCT_BUNDLE_IDENTIFIER = com.kuckelhaus.myCoxinha;
				PRODUCT_NAME = "$(TARGET_NAME)";
				SWIFT_VERSION = 5.0;
				TARGETED_DEVICE_FAMILY = "1,2";
			};
			name = Debug;
		};
		40808EC52667760200344DC2 /* Release */ = {
			isa = XCBuildConfiguration;
			buildSettings = {
				ASSETCATALOG_COMPILER_APPICON_NAME = AppIcon;
				ASSETCATALOG_COMPILER_GLOBAL_ACCENT_COLOR_NAME = AccentColor;
				CODE_SIGN_STYLE = Automatic;
				DEVELOPMENT_ASSET_PATHS = "\"myCoxinha/Preview Content\"";
				DEVELOPMENT_TEAM = 2AS4F3T75B;
				ENABLE_PREVIEWS = YES;
				INFOPLIST_FILE = myCoxinha/Info.plist;
				IPHONEOS_DEPLOYMENT_TARGET = 14.0;
				LD_RUNPATH_SEARCH_PATHS = (
					"$(inherited)",
					"@executable_path/Frameworks",
				);
				PRODUCT_BUNDLE_IDENTIFIER = com.kuckelhaus.myCoxinha;
				PRODUCT_NAME = "$(TARGET_NAME)";
				SWIFT_VERSION = 5.0;
				TARGETED_DEVICE_FAMILY = "1,2";
			};
			name = Release;
		};
/* End XCBuildConfiguration section */

/* Begin XCConfigurationList section */
		40808EAF2667760000344DC2 /* Build configuration list for PBXProject "myCoxinha" */ = {
			isa = XCConfigurationList;
			buildConfigurations = (
				40808EC12667760200344DC2 /* Debug */,
				40808EC22667760200344DC2 /* Release */,
			);
			defaultConfigurationIsVisible = 0;
			defaultConfigurationName = Release;
		};
		40808EC32667760200344DC2 /* Build configuration list for PBXNativeTarget "myCoxinha" */ = {
			isa = XCConfigurationList;
			buildConfigurations = (
				40808EC42667760200344DC2 /* Debug */,
				40808EC52667760200344DC2 /* Release */,
			);
			defaultConfigurationIsVisible = 0;
			defaultConfigurationName = Release;
		};
/* End XCConfigurationList section */

/* Begin XCRemoteSwiftPackageReference section */
		40808ECC2667AA0100344DC2 /* XCRemoteSwiftPackageReference "SDWebImageSwiftUI" */ = {
			isa = XCRemoteSwiftPackageReference;
			repositoryURL = "https://github.com/SDWebImage/SDWebImageSwiftUI";
			requirement = {
				kind = upToNextMajorVersion;
				minimumVersion = 2.0.2;
			};
		};
/* End XCRemoteSwiftPackageReference section */

/* Begin XCSwiftPackageProductDependency section */
		40808ECD2667AA0100344DC2 /* SDWebImageSwiftUI */ = {
			isa = XCSwiftPackageProductDependency;
			package = 40808ECC2667AA0100344DC2 /* XCRemoteSwiftPackageReference "SDWebImageSwiftUI" */;
			productName = SDWebImageSwiftUI;
		};
/* End XCSwiftPackageProductDependency section */
	};
	rootObject = 40808EAC2667760000344DC2 /* Project object */;
}
